
Microsoft Visual Studio Solution File, Format Version 12.00
# Visual Studio 15
VisualStudioVersion = 15.0.27703.2047
MinimumVisualStudioVersion = 10.0.40219.1
Project("{FAE04EC0-301F-11D3-BF4B-00C04F79EFBC}") = "Portfolio", "Portfolio\Portfolio.csproj", "{84C2676E-053A-493F-A857-60E9A04013FE}"
EndProject
Global
	GlobalSection(SolutionConfigurationPlatforms) = preSolution
		Debug|Any CPU = Debug|Any CPU
		Release|Any CPU = Release|Any CPU
	EndGlobalSection
	GlobalSection(ProjectConfigurationPlatforms) = postSolution
		{84C2676E-053A-493F-A857-60E9A04013FE}.Debug|Any CPU.ActiveCfg = Debug|Any CPU
		{84C2676E-053A-493F-A857-60E9A04013FE}.Debug|Any CPU.Build.0 = Debug|Any CPU
		{84C2676E-053A-493F-A857-60E9A04013FE}.Release|Any CPU.ActiveCfg = Release|Any CPU
		{84C2676E-053A-493F-A857-60E9A04013FE}.Release|Any CPU.Build.0 = Release|Any CPU
	EndGlobalSection
	GlobalSection(SolutionProperties) = preSolution
		HideSolutionNode = FALSE
	EndGlobalSection
	GlobalSection(ExtensibilityGlobals) = postSolution
		SolutionGuid = {417A853B-FEE6-49DD-A641-84E1AED6D107}
	EndGlobalSection
EndGlobal
